
Microsoft Visual Studio Solution File, Format Version 11.00
# Visual Studio 2010
Project("{FAE04EC0-301F-11D3-BF4B-00C04F79EFBC}") = "Vize_Final", "Vize_Final\Vize_Final.csproj", "{8DB78CB2-D65D-4D8D-97FF-A990BAA916EE}"
EndProject
Global
	GlobalSection(SolutionConfigurationPlatforms) = preSolution
		Debug|x86 = Debug|x86
		Release|x86 = Release|x86
	EndGlobalSection
	GlobalSection(ProjectConfigurationPlatforms) = postSolution
		{8DB78CB2-D65D-4D8D-97FF-A990BAA916EE}.Debug|x86.ActiveCfg = Debug|x86
		{8DB78CB2-D65D-4D8D-97FF-A990BAA916EE}.Debug|x86.Build.0 = Debug|x86
		{8DB78CB2-D65D-4D8D-97FF-A990BAA916EE}.Release|x86.ActiveCfg = Release|x86
		{8DB78CB2-D65D-4D8D-97FF-A990BAA916EE}.Release|x86.Build.0 = Release|x86
	EndGlobalSection
	GlobalSection(SolutionProperties) = preSolution
		HideSolutionNode = FALSE
	EndGlobalSection
EndGlobal
